{
  "name": "trans",
  "lockfileVersion": 3,
  "requires": true,
  "packages": {
    "": {
      "dependencies": {
        "buildx": "^0.1.1"
      }
    },
    "node_modules/buildx": {
      "version": "0.1.1",
      "resolved": "https://registry.npmjs.org/buildx/-/buildx-0.1.1.tgz",
      "integrity": "sha512-Loo22pzqBVTLmLab9TSgNJn64hB4Eu5vD+Qp1exRO7fFgMhu6RJDZjVt1EETR5dCun6rDAy5EPSycXFSnyh0yg==",
      "license": "ISC"
    }
  }
}
